
Microsoft Visual Studio Solution File, Format Version 12.00
# Visual Studio Version 17
VisualStudioVersion = 17.7.34031.279
MinimumVisualStudioVersion = 10.0.40219.1
Project("{FAE04EC0-301F-11D3-BF4B-00C04F79EFBC}") = "QrCodeKM.Android", "QrCodeKM\QrCodeKM.Android\QrCodeKM.Android.csproj", "{97356212-C62A-4E1D-891E-D1FDBDA41A49}"
EndProject
Project("{9A19103F-16F7-4668-BE54-9A1E7A4F7556}") = "QrCodeKM", "QrCodeKM\QrCodeKM\QrCodeKM.csproj", "{FF76B171-CF0E-4D7C-8299-120AAE4A985B}"
EndProject
Global
	GlobalSection(SolutionConfigurationPlatforms) = preSolution
		Debug|Any CPU = Debug|Any CPU
		Release|Any CPU = Release|Any CPU
	EndGlobalSection
	GlobalSection(ProjectConfigurationPlatforms) = postSolution
		{97356212-C62A-4E1D-891E-D1FDBDA41A49}.Debug|Any CPU.ActiveCfg = Debug|Any CPU
		{97356212-C62A-4E1D-891E-D1FDBDA41A49}.Debug|Any CPU.Build.0 = Debug|Any CPU
		{97356212-C62A-4E1D-891E-D1FDBDA41A49}.Debug|Any CPU.Deploy.0 = Debug|Any CPU
		{97356212-C62A-4E1D-891E-D1FDBDA41A49}.Release|Any CPU.ActiveCfg = Release|Any CPU
		{97356212-C62A-4E1D-891E-D1FDBDA41A49}.Release|Any CPU.Build.0 = Release|Any CPU
		{97356212-C62A-4E1D-891E-D1FDBDA41A49}.Release|Any CPU.Deploy.0 = Release|Any CPU
		{FF76B171-CF0E-4D7C-8299-120AAE4A985B}.Debug|Any CPU.ActiveCfg = Debug|Any CPU
		{FF76B171-CF0E-4D7C-8299-120AAE4A985B}.Debug|Any CPU.Build.0 = Debug|Any CPU
		{FF76B171-CF0E-4D7C-8299-120AAE4A985B}.Debug|Any CPU.Deploy.0 = Debug|Any CPU
		{FF76B171-CF0E-4D7C-8299-120AAE4A985B}.Release|Any CPU.ActiveCfg = Release|Any CPU
		{FF76B171-CF0E-4D7C-8299-120AAE4A985B}.Release|Any CPU.Build.0 = Release|Any CPU
		{FF76B171-CF0E-4D7C-8299-120AAE4A985B}.Release|Any CPU.Deploy.0 = Release|Any CPU
	EndGlobalSection
	GlobalSection(SolutionProperties) = preSolution
		HideSolutionNode = FALSE
	EndGlobalSection
	GlobalSection(ExtensibilityGlobals) = postSolution
		SolutionGuid = {6DF6E535-0C76-474A-B2AB-8520EEC9D3BC}
	EndGlobalSection
EndGlobal
